
Microsoft Visual Studio Solution File, Format Version 12.00
# Visual Studio 15
VisualStudioVersion = 15.0.28307.572
MinimumVisualStudioVersion = 10.0.40219.1
Project("{8BC9CEB8-8B4A-11D0-8D11-00A0C91BC942}") = "lab1_1", "Project2\Project2.vcxproj", "{A6C0F7A2-25E9-4ED9-9C44-181ED755550F}"
EndProject
Project("{8BC9CEB8-8B4A-11D0-8D11-00A0C91BC942}") = "lab1_2", "lab1_2\lab1_2.vcxproj", "{CF4E1A74-F090-407B-8BD4-4CA9E26D96DB}"
EndProject
Project("{8BC9CEB8-8B4A-11D0-8D11-00A0C91BC942}") = "lab1_3", "lab1_3\lab1_3.vcxproj", "{08E849DB-35A3-4D48-9630-2420046A7212}"
EndProject
Global
	GlobalSection(SolutionConfigurationPlatforms) = preSolution
		Debug|x64 = Debug|x64
		Debug|x86 = Debug|x86
		Release|x64 = Release|x64
		Release|x86 = Release|x86
	EndGlobalSection
	GlobalSection(ProjectConfigurationPlatforms) = postSolution
		{A6C0F7A2-25E9-4ED9-9C44-181ED755550F}.Debug|x64.ActiveCfg = Debug|x64
		{A6C0F7A2-25E9-4ED9-9C44-181ED755550F}.Debug|x64.Build.0 = Debug|x64
		{A6C0F7A2-25E9-4ED9-9C44-181ED755550F}.Debug|x86.ActiveCfg = Debug|Win32
		{A6C0F7A2-25E9-4ED9-9C44-181ED755550F}.Debug|x86.Build.0 = Debug|Win32
		{A6C0F7A2-25E9-4ED9-9C44-181ED755550F}.Release|x64.ActiveCfg = Release|x64
		{A6C0F7A2-25E9-4ED9-9C44-181ED755550F}.Release|x64.Build.0 = Release|x64
		{A6C0F7A2-25E9-4ED9-9C44-181ED755550F}.Release|x86.ActiveCfg = Release|Win32
		{A6C0F7A2-25E9-4ED9-9C44-181ED755550F}.Release|x86.Build.0 = Release|Win32
		{CF4E1A74-F090-407B-8BD4-4CA9E26D96DB}.Debug|x64.ActiveCfg = Debug|x64
		{CF4E1A74-F090-407B-8BD4-4CA9E26D96DB}.Debug|x64.Build.0 = Debug|x64
		{CF4E1A74-F090-407B-8BD4-4CA9E26D96DB}.Debug|x86.ActiveCfg = Debug|Win32
		{CF4E1A74-F090-407B-8BD4-4CA9E26D96DB}.Debug|x86.Build.0 = Debug|Win32
		{CF4E1A74-F090-407B-8BD4-4CA9E26D96DB}.Release|x64.ActiveCfg = Release|x64
		{CF4E1A74-F090-407B-8BD4-4CA9E26D96DB}.Release|x64.Build.0 = Release|x64
		{CF4E1A74-F090-407B-8BD4-4CA9E26D96DB}.Release|x86.ActiveCfg = Release|Win32
		{CF4E1A74-F090-407B-8BD4-4CA9E26D96DB}.Release|x86.Build.0 = Release|Win32
		{08E849DB-35A3-4D48-9630-2420046A7212}.Debug|x64.ActiveCfg = Debug|x64
		{08E849DB-35A3-4D48-9630-2420046A7212}.Debug|x64.Build.0 = Debug|x64
		{08E849DB-35A3-4D48-9630-2420046A7212}.Debug|x86.ActiveCfg = Debug|Win32
		{08E849DB-35A3-4D48-9630-2420046A7212}.Debug|x86.Build.0 = Debug|Win32
		{08E849DB-35A3-4D48-9630-2420046A7212}.Release|x64.ActiveCfg = Release|x64
		{08E849DB-35A3-4D48-9630-2420046A7212}.Release|x64.Build.0 = Release|x64
		{08E849DB-35A3-4D48-9630-2420046A7212}.Release|x86.ActiveCfg = Release|Win32
		{08E849DB-35A3-4D48-9630-2420046A7212}.Release|x86.Build.0 = Release|Win32
	EndGlobalSection
	GlobalSection(SolutionProperties) = preSolution
		HideSolutionNode = FALSE
	EndGlobalSection
	GlobalSection(ExtensibilityGlobals) = postSolution
		SolutionGuid = {737BB032-59BF-4622-955B-14A63B61B3AE}
	EndGlobalSection
EndGlobal
