
Microsoft Visual Studio Solution File, Format Version 12.00
# Visual Studio 15
VisualStudioVersion = 15.0.28307.572
MinimumVisualStudioVersion = 10.0.40219.1
Project("{8BC9CEB8-8B4A-11D0-8D11-00A0C91BC942}") = "lab4task1", "Project1\Project1.vcxproj", "{2C7FCA1F-E5A2-4E1A-BF5A-DFF77465CD42}"
EndProject
Project("{8BC9CEB8-8B4A-11D0-8D11-00A0C91BC942}") = "lab4task2", "lab4task2\lab4task2.vcxproj", "{B92DFC72-F992-49A4-9158-89C104746C3D}"
EndProject
Global
	GlobalSection(SolutionConfigurationPlatforms) = preSolution
		Debug|x64 = Debug|x64
		Debug|x86 = Debug|x86
		Release|x64 = Release|x64
		Release|x86 = Release|x86
	EndGlobalSection
	GlobalSection(ProjectConfigurationPlatforms) = postSolution
		{2C7FCA1F-E5A2-4E1A-BF5A-DFF77465CD42}.Debug|x64.ActiveCfg = Debug|x64
		{2C7FCA1F-E5A2-4E1A-BF5A-DFF77465CD42}.Debug|x64.Build.0 = Debug|x64
		{2C7FCA1F-E5A2-4E1A-BF5A-DFF77465CD42}.Debug|x86.ActiveCfg = Debug|Win32
		{2C7FCA1F-E5A2-4E1A-BF5A-DFF77465CD42}.Debug|x86.Build.0 = Debug|Win32
		{2C7FCA1F-E5A2-4E1A-BF5A-DFF77465CD42}.Release|x64.ActiveCfg = Release|x64
		{2C7FCA1F-E5A2-4E1A-BF5A-DFF77465CD42}.Release|x64.Build.0 = Release|x64
		{2C7FCA1F-E5A2-4E1A-BF5A-DFF77465CD42}.Release|x86.ActiveCfg = Release|Win32
		{2C7FCA1F-E5A2-4E1A-BF5A-DFF77465CD42}.Release|x86.Build.0 = Release|Win32
		{B92DFC72-F992-49A4-9158-89C104746C3D}.Debug|x64.ActiveCfg = Debug|x64
		{B92DFC72-F992-49A4-9158-89C104746C3D}.Debug|x64.Build.0 = Debug|x64
		{B92DFC72-F992-49A4-9158-89C104746C3D}.Debug|x86.ActiveCfg = Debug|Win32
		{B92DFC72-F992-49A4-9158-89C104746C3D}.Debug|x86.Build.0 = Debug|Win32
		{B92DFC72-F992-49A4-9158-89C104746C3D}.Release|x64.ActiveCfg = Release|x64
		{B92DFC72-F992-49A4-9158-89C104746C3D}.Release|x64.Build.0 = Release|x64
		{B92DFC72-F992-49A4-9158-89C104746C3D}.Release|x86.ActiveCfg = Release|Win32
		{B92DFC72-F992-49A4-9158-89C104746C3D}.Release|x86.Build.0 = Release|Win32
	EndGlobalSection
	GlobalSection(SolutionProperties) = preSolution
		HideSolutionNode = FALSE
	EndGlobalSection
	GlobalSection(ExtensibilityGlobals) = postSolution
		SolutionGuid = {3F9A0C44-0D3C-4024-B66B-A520B65ACF55}
	EndGlobalSection
EndGlobal
